
Microsoft Visual Studio Solution File, Format Version 12.00
# Visual Studio 15
VisualStudioVersion = 15.0.28307.1705
MinimumVisualStudioVersion = 10.0.40219.1
Project("{FAE04EC0-301F-11D3-BF4B-00C04F79EFBC}") = "DelegateUse", "DelegateUse.csproj", "{70A066F4-F98F-486E-9DC9-751698627FFE}"
EndProject
Global
	GlobalSection(SolutionConfigurationPlatforms) = preSolution
		Debug|Any CPU = Debug|Any CPU
		Release|Any CPU = Release|Any CPU
	EndGlobalSection
	GlobalSection(ProjectConfigurationPlatforms) = postSolution
		{70A066F4-F98F-486E-9DC9-751698627FFE}.Debug|Any CPU.ActiveCfg = Debug|Any CPU
		{70A066F4-F98F-486E-9DC9-751698627FFE}.Debug|Any CPU.Build.0 = Debug|Any CPU
		{70A066F4-F98F-486E-9DC9-751698627FFE}.Release|Any CPU.ActiveCfg = Release|Any CPU
		{70A066F4-F98F-486E-9DC9-751698627FFE}.Release|Any CPU.Build.0 = Release|Any CPU
	EndGlobalSection
	GlobalSection(SolutionProperties) = preSolution
		HideSolutionNode = FALSE
	EndGlobalSection
	GlobalSection(ExtensibilityGlobals) = postSolution
		SolutionGuid = {028C8ECC-6914-46A2-9BA3-B2573F86113B}
	EndGlobalSection
EndGlobal
